// !$*UTF8*$!
{
	archiveVersion = 1;
	classes = {
	};
	objectVersion = 46;
	objects = {

/* Begin PBXBuildFile section */
		0869D03618ECC8F200898A06 /* Foundation.framework in Frameworks */ = {isa = PBXBuildFile; fileRef = 0869D03518ECC8F200898A06 /* Foundation.framework */; };
		0869D03818ECC8F200898A06 /* CoreGraphics.framework in Frameworks */ = {isa = PBXBuildFile; fileRef = 0869D03718ECC8F200898A06 /* CoreGraphics.framework */; };
		0869D03A18ECC8F200898A06 /* UIKit.framework in Frameworks */ = {isa = PBXBuildFile; fileRef = 0869D03918ECC8F200898A06 /* UIKit.framework */; };
		0869D04018ECC8F200898A06 /* InfoPlist.strings in Resources */ = {isa = PBXBuildFile; fileRef = 0869D03E18ECC8F200898A06 /* InfoPlist.strings */; };
		0869D04218ECC8F200898A06 /* main.m in Sources */ = {isa = PBXBuildFile; fileRef = 0869D04118ECC8F200898A06 /* main.m */; };
		0869D04618ECC8F200898A06 /* VRBAppDelegate.m in Sources */ = {isa = PBXBuildFile; fileRef = 0869D04518ECC8F200898A06 /* VRBAppDelegate.m */; };
		0869D04818ECC8F200898A06 /* Images.xcassets in Resources */ = {isa = PBXBuildFile; fileRef = 0869D04718ECC8F200898A06 /* Images.xcassets */; };
		0869D04F18ECC8F200898A06 /* XCTest.framework in Frameworks */ = {isa = PBXBuildFile; fileRef = 0869D04E18ECC8F200898A06 /* XCTest.framework */; };
		0869D05018ECC8F200898A06 /* Foundation.framework in Frameworks */ = {isa = PBXBuildFile; fileRef = 0869D03518ECC8F200898A06 /* Foundation.framework */; };
		0869D05118ECC8F200898A06 /* UIKit.framework in Frameworks */ = {isa = PBXBuildFile; fileRef = 0869D03918ECC8F200898A06 /* UIKit.framework */; };
		0869D05918ECC8F200898A06 /* InfoPlist.strings in Resources */ = {isa = PBXBuildFile; fileRef = 0869D05718ECC8F200898A06 /* InfoPlist.strings */; };
		0869D05B18ECC8F200898A06 /* VerbExampleTests.m in Sources */ = {isa = PBXBuildFile; fileRef = 0869D05A18ECC8F200898A06 /* VerbExampleTests.m */; };
		0869D06518ECC91A00898A06 /* QuartzCore.framework in Frameworks */ = {isa = PBXBuildFile; fileRef = 0869D06418ECC91A00898A06 /* QuartzCore.framework */; };
		0869D09918ECC9FA00898A06 /* libVerb.a in Frameworks */ = {isa = PBXBuildFile; fileRef = 0869D09818ECC9FA00898A06 /* libVerb.a */; };
		089231D318F323DE00413D74 /* VRBViewController.m in Sources */ = {isa = PBXBuildFile; fileRef = 089231D218F323DE00413D74 /* VRBViewController.m */; };
/* End PBXBuildFile section */

/* Begin PBXContainerItemProxy section */
		0869D05218ECC8F200898A06 /* PBXContainerItemProxy */ = {
			isa = PBXContainerItemProxy;
			containerPortal = 0869D02A18ECC8F200898A06 /* Project object */;
			proxyType = 1;
			remoteGlobalIDString = 0869D03118ECC8F200898A06;
			remoteInfo = VerbExample;
		};
/* End PBXContainerItemProxy section */

/* Begin PBXFileReference section */
		0869D03218ECC8F200898A06 /* VerbExample.app */ = {isa = PBXFileReference; explicitFileType = wrapper.application; includeInIndex = 0; path = VerbExample.app; sourceTree = BUILT_PRODUCTS_DIR; };
		0869D03518ECC8F200898A06 /* Foundation.framework */ = {isa = PBXFileReference; lastKnownFileType = wrapper.framework; name = Foundation.framework; path = System/Library/Frameworks/Foundation.framework; sourceTree = SDKROOT; };
		0869D03718ECC8F200898A06 /* CoreGraphics.framework */ = {isa = PBXFileReference; lastKnownFileType = wrapper.framework; name = CoreGraphics.framework; path = System/Library/Frameworks/CoreGraphics.framework; sourceTree = SDKROOT; };
		0869D03918ECC8F200898A06 /* UIKit.framework */ = {isa = PBXFileReference; lastKnownFileType = wrapper.framework; name = UIKit.framework; path = System/Library/Frameworks/UIKit.framework; sourceTree = SDKROOT; };
		0869D03D18ECC8F200898A06 /* VerbExample-Info.plist */ = {isa = PBXFileReference; lastKnownFileType = text.plist.xml; path = "VerbExample-Info.plist"; sourceTree = "<group>"; };
		0869D03F18ECC8F200898A06 /* en */ = {isa = PBXFileReference; lastKnownFileType = text.plist.strings; name = en; path = en.lproj/InfoPlist.strings; sourceTree = "<group>"; };
		0869D04118ECC8F200898A06 /* main.m */ = {isa = PBXFileReference; lastKnownFileType = sourcecode.c.objc; path = main.m; sourceTree = "<group>"; };
		0869D04318ECC8F200898A06 /* VerbExample-Prefix.pch */ = {isa = PBXFileReference; lastKnownFileType = sourcecode.c.h; path = "VerbExample-Prefix.pch"; sourceTree = "<group>"; };
		0869D04418ECC8F200898A06 /* VRBAppDelegate.h */ = {isa = PBXFileReference; lastKnownFileType = sourcecode.c.h; path = VRBAppDelegate.h; sourceTree = "<group>"; };
		0869D04518ECC8F200898A06 /* VRBAppDelegate.m */ = {isa = PBXFileReference; lastKnownFileType = sourcecode.c.objc; path = VRBAppDelegate.m; sourceTree = "<group>"; };
		0869D04718ECC8F200898A06 /* Images.xcassets */ = {isa = PBXFileReference; lastKnownFileType = folder.assetcatalog; path = Images.xcassets; sourceTree = "<group>"; };
		0869D04D18ECC8F200898A06 /* VerbExampleTests.xctest */ = {isa = PBXFileReference; explicitFileType = wrapper.cfbundle; includeInIndex = 0; path = VerbExampleTests.xctest; sourceTree = BUILT_PRODUCTS_DIR; };
		0869D04E18ECC8F200898A06 /* XCTest.framework */ = {isa = PBXFileReference; lastKnownFileType = wrapper.framework; name = XCTest.framework; path = Library/Frameworks/XCTest.framework; sourceTree = DEVELOPER_DIR; };
		0869D05618ECC8F200898A06 /* VerbExampleTests-Info.plist */ = {isa = PBXFileReference; lastKnownFileType = text.plist.xml; path = "VerbExampleTests-Info.plist"; sourceTree = "<group>"; };
		0869D05818ECC8F200898A06 /* en */ = {isa = PBXFileReference; lastKnownFileType = text.plist.strings; name = en; path = en.lproj/InfoPlist.strings; sourceTree = "<group>"; };
		0869D05A18ECC8F200898A06 /* VerbExampleTests.m */ = {isa = PBXFileReference; lastKnownFileType = sourcecode.c.objc; path = VerbExampleTests.m; sourceTree = "<group>"; };
		0869D06418ECC91A00898A06 /* QuartzCore.framework */ = {isa = PBXFileReference; lastKnownFileType = wrapper.framework; name = QuartzCore.framework; path = System/Library/Frameworks/QuartzCore.framework; sourceTree = SDKROOT; };
		0869D09818ECC9FA00898A06 /* libVerb.a */ = {isa = PBXFileReference; lastKnownFileType = archive.ar; name = libVerb.a; path = "../Verb/build/Debug-iphoneos/libVerb.a"; sourceTree = "<group>"; };
		089231D118F323DE00413D74 /* VRBViewController.h */ = {isa = PBXFileReference; fileEncoding = 4; lastKnownFileType = sourcecode.c.h; path = VRBViewController.h; sourceTree = "<group>"; };
		089231D218F323DE00413D74 /* VRBViewController.m */ = {isa = PBXFileReference; fileEncoding = 4; lastKnownFileType = sourcecode.c.objc; path = VRBViewController.m; sourceTree = "<group>"; };
/* End PBXFileReference section */

/* Begin PBXFrameworksBuildPhase section */
		0869D02F18ECC8F200898A06 /* Frameworks */ = {
			isa = PBXFrameworksBuildPhase;
			buildActionMask = 2147483647;
			files = (
				0869D09918ECC9FA00898A06 /* libVerb.a in Frameworks */,
				0869D06518ECC91A00898A06 /* QuartzCore.framework in Frameworks */,
				0869D03818ECC8F200898A06 /* CoreGraphics.framework in Frameworks */,
				0869D03A18ECC8F200898A06 /* UIKit.framework in Frameworks */,
				0869D03618ECC8F200898A06 /* Foundation.framework in Frameworks */,
			);
			runOnlyForDeploymentPostprocessing = 0;
		};
		0869D04A18ECC8F200898A06 /* Frameworks */ = {
			isa = PBXFrameworksBuildPhase;
			buildActionMask = 2147483647;
			files = (
				0869D04F18ECC8F200898A06 /* XCTest.framework in Frameworks */,
				0869D05118ECC8F200898A06 /* UIKit.framework in Frameworks */,
				0869D05018ECC8F200898A06 /* Foundation.framework in Frameworks */,
			);
			runOnlyForDeploymentPostprocessing = 0;
		};
/* End PBXFrameworksBuildPhase section */

/* Begin PBXGroup section */
		0869D02918ECC8F200898A06 = {
			isa = PBXGroup;
			children = (
				0869D03B18ECC8F200898A06 /* VerbExample */,
				0869D05418ECC8F200898A06 /* VerbExampleTests */,
				0869D03418ECC8F200898A06 /* Frameworks */,
				0869D03318ECC8F200898A06 /* Products */,
			);
			sourceTree = "<group>";
		};
		0869D03318ECC8F200898A06 /* Products */ = {
			isa = PBXGroup;
			children = (
				0869D03218ECC8F200898A06 /* VerbExample.app */,
				0869D04D18ECC8F200898A06 /* VerbExampleTests.xctest */,
			);
			name = Products;
			sourceTree = "<group>";
		};
		0869D03418ECC8F200898A06 /* Frameworks */ = {
			isa = PBXGroup;
			children = (
				0869D09818ECC9FA00898A06 /* libVerb.a */,
				0869D06418ECC91A00898A06 /* QuartzCore.framework */,
				0869D03518ECC8F200898A06 /* Foundation.framework */,
				0869D03718ECC8F200898A06 /* CoreGraphics.framework */,
				0869D03918ECC8F200898A06 /* UIKit.framework */,
				0869D04E18ECC8F200898A06 /* XCTest.framework */,
			);
			name = Frameworks;
			sourceTree = "<group>";
		};
		0869D03B18ECC8F200898A06 /* VerbExample */ = {
			isa = PBXGroup;
			children = (
				089231D018F323B800413D74 /* Controller */,
				089231CF18F323B600413D74 /* Delegate */,
				0869D04718ECC8F200898A06 /* Images.xcassets */,
				0869D03C18ECC8F200898A06 /* Supporting Files */,
			);
			path = VerbExample;
			sourceTree = "<group>";
		};
		0869D03C18ECC8F200898A06 /* Supporting Files */ = {
			isa = PBXGroup;
			children = (
				0869D03D18ECC8F200898A06 /* VerbExample-Info.plist */,
				0869D03E18ECC8F200898A06 /* InfoPlist.strings */,
				0869D04118ECC8F200898A06 /* main.m */,
				0869D04318ECC8F200898A06 /* VerbExample-Prefix.pch */,
			);
			name = "Supporting Files";
			sourceTree = "<group>";
		};
		0869D05418ECC8F200898A06 /* VerbExampleTests */ = {
			isa = PBXGroup;
			children = (
				0869D05A18ECC8F200898A06 /* VerbExampleTests.m */,
				0869D05518ECC8F200898A06 /* Supporting Files */,
			);
			path = VerbExampleTests;
			sourceTree = "<group>";
		};
		0869D05518ECC8F200898A06 /* Supporting Files */ = {
			isa = PBXGroup;
			children = (
				0869D05618ECC8F200898A06 /* VerbExampleTests-Info.plist */,
				0869D05718ECC8F200898A06 /* InfoPlist.strings */,
			);
			name = "Supporting Files";
			sourceTree = "<group>";
		};
		089231CF18F323B600413D74 /* Delegate */ = {
			isa = PBXGroup;
			children = (
				0869D04418ECC8F200898A06 /* VRBAppDelegate.h */,
				0869D04518ECC8F200898A06 /* VRBAppDelegate.m */,
			);
			name = Delegate;
			sourceTree = "<group>";
		};
		089231D018F323B800413D74 /* Controller */ = {
			isa = PBXGroup;
			children = (
				089231D118F323DE00413D74 /* VRBViewController.h */,
				089231D218F323DE00413D74 /* VRBViewController.m */,
			);
			name = Controller;
			sourceTree = "<group>";
		};
/* End PBXGroup section */

/* Begin PBXNativeTarget section */
		0869D03118ECC8F200898A06 /* VerbExample */ = {
			isa = PBXNativeTarget;
			buildConfigurationList = 0869D05E18ECC8F200898A06 /* Build configuration list for PBXNativeTarget "VerbExample" */;
			buildPhases = (
				0869D02E18ECC8F200898A06 /* Sources */,
				0869D02F18ECC8F200898A06 /* Frameworks */,
				0869D03018ECC8F200898A06 /* Resources */,
			);
			buildRules = (
			);
			dependencies = (
			);
			name = VerbExample;
			productName = VerbExample;
			productReference = 0869D03218ECC8F200898A06 /* VerbExample.app */;
			productType = "com.apple.product-type.application";
		};
		0869D04C18ECC8F200898A06 /* VerbExampleTests */ = {
			isa = PBXNativeTarget;
			buildConfigurationList = 0869D06118ECC8F200898A06 /* Build configuration list for PBXNativeTarget "VerbExampleTests" */;
			buildPhases = (
				0869D04918ECC8F200898A06 /* Sources */,
				0869D04A18ECC8F200898A06 /* Frameworks */,
				0869D04B18ECC8F200898A06 /* Resources */,
			);
			buildRules = (
			);
			dependencies = (
				0869D05318ECC8F200898A06 /* PBXTargetDependency */,
			);
			name = VerbExampleTests;
			productName = VerbExampleTests;
			productReference = 0869D04D18ECC8F200898A06 /* VerbExampleTests.xctest */;
			productType = "com.apple.product-type.bundle.unit-test";
		};
/* End PBXNativeTarget section */

/* Begin PBXProject section */
		0869D02A18ECC8F200898A06 /* Project object */ = {
			isa = PBXProject;
			attributes = {
				CLASSPREFIX = VRB;
				LastUpgradeCheck = 0510;
				ORGANIZATIONNAME = "Wess Cope";
				TargetAttributes = {
					0869D04C18ECC8F200898A06 = {
						TestTargetID = 0869D03118ECC8F200898A06;
					};
				};
			};
			buildConfigurationList = 0869D02D18ECC8F200898A06 /* Build configuration list for PBXProject "VerbExample" */;
			compatibilityVersion = "Xcode 3.2";
			developmentRegion = English;
			hasScannedForEncodings = 0;
			knownRegions = (
				en,
			);
			mainGroup = 0869D02918ECC8F200898A06;
			productRefGroup = 0869D03318ECC8F200898A06 /* Products */;
			projectDirPath = "";
			projectRoot = "";
			targets = (
				0869D03118ECC8F200898A06 /* VerbExample */,
				0869D04C18ECC8F200898A06 /* VerbExampleTests */,
			);
		};
/* End PBXProject section */

/* Begin PBXResourcesBuildPhase section */
		0869D03018ECC8F200898A06 /* Resources */ = {
			isa = PBXResourcesBuildPhase;
			buildActionMask = 2147483647;
			files = (
				0869D04018ECC8F200898A06 /* InfoPlist.strings in Resources */,
				0869D04818ECC8F200898A06 /* Images.xcassets in Resources */,
			);
			runOnlyForDeploymentPostprocessing = 0;
		};
		0869D04B18ECC8F200898A06 /* Resources */ = {
			isa = PBXResourcesBuildPhase;
			buildActionMask = 2147483647;
			files = (
				0869D05918ECC8F200898A06 /* InfoPlist.strings in Resources */,
			);
			runOnlyForDeploymentPostprocessing = 0;
		};
/* End PBXResourcesBuildPhase section */

/* Begin PBXSourcesBuildPhase section */
		0869D02E18ECC8F200898A06 /* Sources */ = {
			isa = PBXSourcesBuildPhase;
			buildActionMask = 2147483647;
			files = (
				0869D04218ECC8F200898A06 /* main.m in Sources */,
				0869D04618ECC8F200898A06 /* VRBAppDelegate.m in Sources */,
				089231D318F323DE00413D74 /* VRBViewController.m in Sources */,
			);
			runOnlyForDeploymentPostprocessing = 0;
		};
		0869D04918ECC8F200898A06 /* Sources */ = {
			isa = PBXSourcesBuildPhase;
			buildActionMask = 2147483647;
			files = (
				0869D05B18ECC8F200898A06 /* VerbExampleTests.m in Sources */,
			);
			runOnlyForDeploymentPostprocessing = 0;
		};
/* End PBXSourcesBuildPhase section */

/* Begin PBXTargetDependency section */
		0869D05318ECC8F200898A06 /* PBXTargetDependency */ = {
			isa = PBXTargetDependency;
			target = 0869D03118ECC8F200898A06 /* VerbExample */;
			targetProxy = 0869D05218ECC8F200898A06 /* PBXContainerItemProxy */;
		};
/* End PBXTargetDependency section */

/* Begin PBXVariantGroup section */
		0869D03E18ECC8F200898A06 /* InfoPlist.strings */ = {
			isa = PBXVariantGroup;
			children = (
				0869D03F18ECC8F200898A06 /* en */,
			);
			name = InfoPlist.strings;
			sourceTree = "<group>";
		};
		0869D05718ECC8F200898A06 /* InfoPlist.strings */ = {
			isa = PBXVariantGroup;
			children = (
				0869D05818ECC8F200898A06 /* en */,
			);
			name = InfoPlist.strings;
			sourceTree = "<group>";
		};
/* End PBXVariantGroup section */

/* Begin XCBuildConfiguration section */
		0869D05C18ECC8F200898A06 /* Debug */ = {
			isa = XCBuildConfiguration;
			buildSettings = {
				ALWAYS_SEARCH_USER_PATHS = NO;
				CLANG_CXX_LANGUAGE_STANDARD = "gnu++0x";
				CLANG_CXX_LIBRARY = "libc++";
				CLANG_ENABLE_MODULES = YES;
				CLANG_ENABLE_OBJC_ARC = YES;
				CLANG_WARN_BOOL_CONVERSION = YES;
				CLANG_WARN_CONSTANT_CONVERSION = YES;
				CLANG_WARN_DIRECT_OBJC_ISA_USAGE = YES_ERROR;
				CLANG_WARN_EMPTY_BODY = YES;
				CLANG_WARN_ENUM_CONVERSION = YES;
				CLANG_WARN_INT_CONVERSION = YES;
				CLANG_WARN_OBJC_ROOT_CLASS = YES_ERROR;
				CLANG_WARN__DUPLICATE_METHOD_MATCH = YES;
				"CODE_SIGN_IDENTITY[sdk=iphoneos*]" = "iPhone Developer";
				COPY_PHASE_STRIP = NO;
				GCC_C_LANGUAGE_STANDARD = gnu99;
				GCC_DYNAMIC_NO_PIC = NO;
				GCC_OPTIMIZATION_LEVEL = 0;
				GCC_PREPROCESSOR_DEFINITIONS = (
					"DEBUG=1",
					"$(inherited)",
				);
				GCC_SYMBOLS_PRIVATE_EXTERN = NO;
				GCC_WARN_64_TO_32_BIT_CONVERSION = YES;
				GCC_WARN_ABOUT_RETURN_TYPE = YES_ERROR;
				GCC_WARN_UNDECLARED_SELECTOR = YES;
				GCC_WARN_UNINITIALIZED_AUTOS = YES_AGGRESSIVE;
				GCC_WARN_UNUSED_FUNCTION = YES;
				GCC_WARN_UNUSED_VARIABLE = YES;
				IPHONEOS_DEPLOYMENT_TARGET = 7.1;
				ONLY_ACTIVE_ARCH = YES;
				SDKROOT = iphoneos;
			};
			name = Debug;
		};
		0869D05D18ECC8F200898A06 /* Release */ = {
			isa = XCBuildConfiguration;
			buildSettings = {
				ALWAYS_SEARCH_USER_PATHS = NO;
				CLANG_CXX_LANGUAGE_STANDARD = "gnu++0x";
				CLANG_CXX_LIBRARY = "libc++";
				CLANG_ENABLE_MODULES = YES;
				CLANG_ENABLE_OBJC_ARC = YES;
				CLANG_WARN_BOOL_CONVERSION = YES;
				CLANG_WARN_CONSTANT_CONVERSION = YES;
				CLANG_WARN_DIRECT_OBJC_ISA_USAGE = YES_ERROR;
				CLANG_WARN_EMPTY_BODY = YES;
				CLANG_WARN_ENUM_CONVERSION = YES;
				CLANG_WARN_INT_CONVERSION = YES;
				CLANG_WARN_OBJC_ROOT_CLASS = YES_ERROR;
				CLANG_WARN__DUPLICATE_METHOD_MATCH = YES;
				"CODE_SIGN_IDENTITY[sdk=iphoneos*]" = "iPhone Developer";
				COPY_PHASE_STRIP = YES;
				ENABLE_NS_ASSERTIONS = NO;
				GCC_C_LANGUAGE_STANDARD = gnu99;
				GCC_WARN_64_TO_32_BIT_CONVERSION = YES;
				GCC_WARN_ABOUT_RETURN_TYPE = YES_ERROR;
				GCC_WARN_UNDECLARED_SELECTOR = YES;
				GCC_WARN_UNINITIALIZED_AUTOS = YES_AGGRESSIVE;
				GCC_WARN_UNUSED_FUNCTION = YES;
				GCC_WARN_UNUSED_VARIABLE = YES;
				IPHONEOS_DEPLOYMENT_TARGET = 7.1;
				SDKROOT = iphoneos;
				VALIDATE_PRODUCT = YES;
			};
			name = Release;
		};
		0869D05F18ECC8F200898A06 /* Debug */ = {
			isa = XCBuildConfiguration;
			buildSettings = {
				ASSETCATALOG_COMPILER_APPICON_NAME = AppIcon;
				ASSETCATALOG_COMPILER_LAUNCHIMAGE_NAME = LaunchImage;
				GCC_PRECOMPILE_PREFIX_HEADER = YES;
				GCC_PREFIX_HEADER = "VerbExample/VerbExample-Prefix.pch";
				INFOPLIST_FILE = "VerbExample/VerbExample-Info.plist";
				LIBRARY_SEARCH_PATHS = "$(inherited)";
				OTHER_LDFLAGS = "-ObjC";
				PRODUCT_NAME = "$(TARGET_NAME)";
				WRAPPER_EXTENSION = app;
			};
			name = Debug;
		};
		0869D06018ECC8F200898A06 /* Release */ = {
			isa = XCBuildConfiguration;
			buildSettings = {
				ASSETCATALOG_COMPILER_APPICON_NAME = AppIcon;
				ASSETCATALOG_COMPILER_LAUNCHIMAGE_NAME = LaunchImage;
				GCC_PRECOMPILE_PREFIX_HEADER = YES;
				GCC_PREFIX_HEADER = "VerbExample/VerbExample-Prefix.pch";
				INFOPLIST_FILE = "VerbExample/VerbExample-Info.plist";
				LIBRARY_SEARCH_PATHS = "$(inherited)";
				OTHER_LDFLAGS = "-ObjC";
				PRODUCT_NAME = "$(TARGET_NAME)";
				WRAPPER_EXTENSION = app;
			};
			name = Release;
		};
		0869D06218ECC8F200898A06 /* Debug */ = {
			isa = XCBuildConfiguration;
			buildSettings = {
				BUNDLE_LOADER = "$(BUILT_PRODUCTS_DIR)/VerbExample.app/VerbExample";
				FRAMEWORK_SEARCH_PATHS = (
					"$(SDKROOT)/Developer/Library/Frameworks",
					"$(inherited)",
					"$(DEVELOPER_FRAMEWORKS_DIR)",
				);
				GCC_PRECOMPILE_PREFIX_HEADER = YES;
				GCC_PREFIX_HEADER = "VerbExample/VerbExample-Prefix.pch";
				GCC_PREPROCESSOR_DEFINITIONS = (
					"DEBUG=1",
					"$(inherited)",
				);
				INFOPLIST_FILE = "VerbExampleTests/VerbExampleTests-Info.plist";
				PRODUCT_NAME = "$(TARGET_NAME)";
				TEST_HOST = "$(BUNDLE_LOADER)";
				WRAPPER_EXTENSION = xctest;
			};
			name = Debug;
		};
		0869D06318ECC8F200898A06 /* Release */ = {
			isa = XCBuildConfiguration;
			buildSettings = {
				BUNDLE_LOADER = "$(BUILT_PRODUCTS_DIR)/VerbExample.app/VerbExample";
				FRAMEWORK_SEARCH_PATHS = (
					"$(SDKROOT)/Developer/Library/Frameworks",
					"$(inherited)",
					"$(DEVELOPER_FRAMEWORKS_DIR)",
				);
				GCC_PRECOMPILE_PREFIX_HEADER = YES;
				GCC_PREFIX_HEADER = "VerbExample/VerbExample-Prefix.pch";
				INFOPLIST_FILE = "VerbExampleTests/VerbExampleTests-Info.plist";
				PRODUCT_NAME = "$(TARGET_NAME)";
				TEST_HOST = "$(BUNDLE_LOADER)";
				WRAPPER_EXTENSION = xctest;
			};
			name = Release;
		};
/* End XCBuildConfiguration section */

/* Begin XCConfigurationList section */
		0869D02D18ECC8F200898A06 /* Build configuration list for PBXProject "VerbExample" */ = {
			isa = XCConfigurationList;
			buildConfigurations = (
				0869D05C18ECC8F200898A06 /* Debug */,
				0869D05D18ECC8F200898A06 /* Release */,
			);
			defaultConfigurationIsVisible = 0;
			defaultConfigurationName = Release;
		};
		0869D05E18ECC8F200898A06 /* Build configuration list for PBXNativeTarget "VerbExample" */ = {
			isa = XCConfigurationList;
			buildConfigurations = (
				0869D05F18ECC8F200898A06 /* Debug */,
				0869D06018ECC8F200898A06 /* Release */,
			);
			defaultConfigurationIsVisible = 0;
			defaultConfigurationName = Release;
		};
		0869D06118ECC8F200898A06 /* Build configuration list for PBXNativeTarget "VerbExampleTests" */ = {
			isa = XCConfigurationList;
			buildConfigurations = (
				0869D06218ECC8F200898A06 /* Debug */,
				0869D06318ECC8F200898A06 /* Release */,
			);
			defaultConfigurationIsVisible = 0;
			defaultConfigurationName = Release;
		};
/* End XCConfigurationList section */
	};
	rootObject = 0869D02A18ECC8F200898A06 /* Project object */;
}
